
Microsoft Visual Studio Solution File, Format Version 12.00
# Visual Studio 15
Project("{FAE04EC0-301F-11D3-BF4B-00C04F79EFBC}") = "Assembly-CSharp", "Assembly-CSharp.csproj", "{0A9A9274-57CA-E98E-A924-2F6430BEE18D}"
EndProject
Project("{FAE04EC0-301F-11D3-BF4B-00C04F79EFBC}") = "Assembly-CSharp-Editor", "Assembly-CSharp-Editor.csproj", "{B7B8E216-35F6-2492-4D8F-B3692D6C8782}"
EndProject
Global
	GlobalSection(SolutionConfigurationPlatforms) = preSolution
		Debug|Any CPU = Debug|Any CPU
		Release|Any CPU = Release|Any CPU
	EndGlobalSection
	GlobalSection(ProjectConfigurationPlatforms) = postSolution
		{0A9A9274-57CA-E98E-A924-2F6430BEE18D}.Debug|Any CPU.ActiveCfg = Debug|Any CPU
		{0A9A9274-57CA-E98E-A924-2F6430BEE18D}.Debug|Any CPU.Build.0 = Debug|Any CPU
		{0A9A9274-57CA-E98E-A924-2F6430BEE18D}.Release|Any CPU.ActiveCfg = Release|Any CPU
		{0A9A9274-57CA-E98E-A924-2F6430BEE18D}.Release|Any CPU.Build.0 = Release|Any CPU
		{B7B8E216-35F6-2492-4D8F-B3692D6C8782}.Debug|Any CPU.ActiveCfg = Debug|Any CPU
		{B7B8E216-35F6-2492-4D8F-B3692D6C8782}.Debug|Any CPU.Build.0 = Debug|Any CPU
		{B7B8E216-35F6-2492-4D8F-B3692D6C8782}.Release|Any CPU.ActiveCfg = Release|Any CPU
		{B7B8E216-35F6-2492-4D8F-B3692D6C8782}.Release|Any CPU.Build.0 = Release|Any CPU
	EndGlobalSection
	GlobalSection(SolutionProperties) = preSolution
		HideSolutionNode = FALSE
	EndGlobalSection
EndGlobal
